{
  "name": "@sebastienrousseau/zig-config",
  "version": "0.0.7",
  "lockfileVersion": 3,
  "requires": true,
  "packages": {
    "": {
      "name": "@sebastienrousseau/zig-config",
      "version": "0.0.7",
      "license": "Apache-2.0 OR MIT",
      "devDependencies": {
        "@sebastienrousseau/config-kit": "^0.0.7"
      },
      "engines": {
        "node": ">=20.0.0"
      }
    },
    "node_modules/@sebastienrousseau/config-kit": {
      "version": "0.0.7",
      "resolved": "https://registry.npmjs.org/@sebastienrousseau/config-kit/-/config-kit-0.0.7.tgz",
      "integrity": "sha512-QFzabzzERI5gWfugPYoVitrhNl0FqVKFOno5R3mB0QgpDdV6+KMuCGs1vE6lPn9CvLaw2pPHwOrzgSHzsEJThw==",
      "dev": true,
      "license": "Apache-2.0 OR MIT",
      "engines": {
        "node": ">=20.0.0"
      }
    }
  }
}
