{
  "name": "@sebastienrousseau/zig-config",
  "version": "0.0.7",
  "lockfileVersion": 3,
  "requires": true,
  "packages": {
    "": {
      "name": "@sebastienrousseau/zig-config",
      "version": "0.0.7",
      "license": "Apache-2.0 OR MIT",
      "devDependencies": {
        "@sebastienrousseau/config-kit": "^0.0.8"
      },
      "engines": {
        "node": ">=20.0.0"
      }
    },
    "node_modules/@sebastienrousseau/config-kit": {
      "version": "0.0.8",
      "resolved": "https://registry.npmjs.org/@sebastienrousseau/config-kit/-/config-kit-0.0.8.tgz",
      "integrity": "sha512-zP0KIIzW2SBffaFnaIA/G/od4DSkAarGClFANCy7rRzZHwLjd2hmLF1FasFG8lp6cYVYSFdHz2WLDw7tuGZ39g==",
      "dev": true,
      "license": "Apache-2.0 OR MIT",
      "engines": {
        "node": ">=20.0.0"
      }
    }
  }
}
